{
  "name": "no-name-set",
  "lockfileVersion": 2,
  "requires": true,
  "packages": {
    "": {
      "dependencies": {
        "@dataform/core": "3.0.37",
        "dataform-assertions": "https://github.com/devoteamgcloud/dataform-assertions/archive/refs/tags/v2.0.0.tar.gz"
      }
    },
    "node_modules/@dataform/core": {
      "version": "3.0.37",
      "resolved": "https://registry.npmjs.org/@dataform/core/-/core-3.0.37.tgz",
      "integrity": "sha512-Bl1HeYp2vYIKbIgEpFh2etHIkvCt56ZFumbVijdDa6AuFG9stkZ5nkz0TQZGXJauwN5suzlXXB5/eX+wI1msnQ=="
    },
    "node_modules/dataform-assertions": {
      "name": "@devoteamgcloud/dataform-assertions",
      "version": "2.0.0",
      "resolved": "https://github.com/devoteamgcloud/dataform-assertions/archive/refs/tags/v2.0.0.tar.gz",
      "integrity": "sha512-vKcS9Ki9EpUo8ybQFbuLBLlzxF28sAR6qZIIOFMczfJeoy+QT/OIyBNXU51mIFRVAnL3IxZbWkz2qdWo3QTDQQ==",
      "dependencies": {
        "@dataform/core": "^3.0.0"
      }
    }
  },
  "dependencies": {
    "@dataform/core": {
      "version": "3.0.37",
      "resolved": "https://registry.npmjs.org/@dataform/core/-/core-3.0.37.tgz",
      "integrity": "sha512-Bl1HeYp2vYIKbIgEpFh2etHIkvCt56ZFumbVijdDa6AuFG9stkZ5nkz0TQZGXJauwN5suzlXXB5/eX+wI1msnQ=="
    },
    "dataform-assertions": {
      "version": "https://github.com/devoteamgcloud/dataform-assertions/archive/refs/tags/v2.0.0.tar.gz",
      "integrity": "sha512-vKcS9Ki9EpUo8ybQFbuLBLlzxF28sAR6qZIIOFMczfJeoy+QT/OIyBNXU51mIFRVAnL3IxZbWkz2qdWo3QTDQQ==",
      "requires": {
        "@dataform/core": "^3.0.0"
      }
    }
  }
}
